// !$*UTF8*$!
{
	archiveVersion = 1;
	classes = {
	};
	objectVersion = 55;
	objects = {

/* Begin PBXBuildFile section */
		843612BC283ED46000D835DF /* AppDelegate.swift in Sources */ = {isa = PBXBuildFile; fileRef = 843612BB283ED46000D835DF /* AppDelegate.swift */; };
		843612BE283ED46000D835DF /* SceneDelegate.swift in Sources */ = {isa = PBXBuildFile; fileRef = 843612BD283ED46000D835DF /* SceneDelegate.swift */; };
		843612C0283ED46000D835DF /* ViewController.swift in Sources */ = {isa = PBXBuildFile; fileRef = 843612BF283ED46000D835DF /* ViewController.swift */; };
		843612C3283ED46000D835DF /* Main.storyboard in Resources */ = {isa = PBXBuildFile; fileRef = 843612C1283ED46000D835DF /* Main.storyboard */; };
		843612C6283ED46000D835DF /* FunZone.xcdatamodeld in Sources */ = {isa = PBXBuildFile; fileRef = 843612C4283ED46000D835DF /* FunZone.xcdatamodeld */; };
		843612C8283ED46200D835DF /* Assets.xcassets in Resources */ = {isa = PBXBuildFile; fileRef = 843612C7283ED46200D835DF /* Assets.xcassets */; };
		843612CB283ED46200D835DF /* LaunchScreen.storyboard in Resources */ = {isa = PBXBuildFile; fileRef = 843612C9283ED46200D835DF /* LaunchScreen.storyboard */; };
		843613232840078700D835DF /* BookViewController.swift in Sources */ = {isa = PBXBuildFile; fileRef = 843613222840078700D835DF /* BookViewController.swift */; };
		843613252840086800D835DF /* BookCollectionViewCell.swift in Sources */ = {isa = PBXBuildFile; fileRef = 843613242840086800D835DF /* BookCollectionViewCell.swift */; };
		8436132728400ECD00D835DF /* SearchBarView.swift in Sources */ = {isa = PBXBuildFile; fileRef = 8436132628400ECD00D835DF /* SearchBarView.swift */; };
		84361329284102B800D835DF /* SearchViewController.swift in Sources */ = {isa = PBXBuildFile; fileRef = 84361328284102B800D835DF /* SearchViewController.swift */; };
		8436132B2841133700D835DF /* SingleBookViewController.swift in Sources */ = {isa = PBXBuildFile; fileRef = 8436132A2841133700D835DF /* SingleBookViewController.swift */; };
		8436136F28416DAF00D835DF /* LoginViewController.swift in Sources */ = {isa = PBXBuildFile; fileRef = 8436136E28416DAF00D835DF /* LoginViewController.swift */; };
		843613712846493000D835DF /* NotesViewController.swift in Sources */ = {isa = PBXBuildFile; fileRef = 843613702846493000D835DF /* NotesViewController.swift */; };
		8436137328464C8100D835DF /* NotesTableViewCell.swift in Sources */ = {isa = PBXBuildFile; fileRef = 8436137228464C8100D835DF /* NotesTableViewCell.swift */; };
/* End PBXBuildFile section */

/* Begin PBXFileReference section */
		843612B8283ED46000D835DF /* FunZone.app */ = {isa = PBXFileReference; explicitFileType = wrapper.application; includeInIndex = 0; path = FunZone.app; sourceTree = BUILT_PRODUCTS_DIR; };
		843612BB283ED46000D835DF /* AppDelegate.swift */ = {isa = PBXFileReference; lastKnownFileType = sourcecode.swift; path = AppDelegate.swift; sourceTree = "<group>"; };
		843612BD283ED46000D835DF /* SceneDelegate.swift */ = {isa = PBXFileReference; lastKnownFileType = sourcecode.swift; path = SceneDelegate.swift; sourceTree = "<group>"; };
		843612BF283ED46000D835DF /* ViewController.swift */ = {isa = PBXFileReference; lastKnownFileType = sourcecode.swift; path = ViewController.swift; sourceTree = "<group>"; };
		843612C2283ED46000D835DF /* Base */ = {isa = PBXFileReference; lastKnownFileType = file.storyboard; name = Base; path = Base.lproj/Main.storyboard; sourceTree = "<group>"; };
		843612C5283ED46000D835DF /* FunZone.xcdatamodel */ = {isa = PBXFileReference; lastKnownFileType = wrapper.xcdatamodel; path = FunZone.xcdatamodel; sourceTree = "<group>"; };
		843612C7283ED46200D835DF /* Assets.xcassets */ = {isa = PBXFileReference; lastKnownFileType = folder.assetcatalog; path = Assets.xcassets; sourceTree = "<group>"; };
		843612CA283ED46200D835DF /* Base */ = {isa = PBXFileReference; lastKnownFileType = file.storyboard; name = Base; path = Base.lproj/LaunchScreen.storyboard; sourceTree = "<group>"; };
		843612CC283ED46200D835DF /* Info.plist */ = {isa = PBXFileReference; lastKnownFileType = text.plist.xml; path = Info.plist; sourceTree = "<group>"; };
		843613222840078700D835DF /* BookViewController.swift */ = {isa = PBXFileReference; lastKnownFileType = sourcecode.swift; path = BookViewController.swift; sourceTree = "<group>"; };
		843613242840086800D835DF /* BookCollectionViewCell.swift */ = {isa = PBXFileReference; lastKnownFileType = sourcecode.swift; path = BookCollectionViewCell.swift; sourceTree = "<group>"; };
		8436132628400ECD00D835DF /* SearchBarView.swift */ = {isa = PBXFileReference; lastKnownFileType = sourcecode.swift; path = SearchBarView.swift; sourceTree = "<group>"; };
		84361328284102B800D835DF /* SearchViewController.swift */ = {isa = PBXFileReference; lastKnownFileType = sourcecode.swift; path = SearchViewController.swift; sourceTree = "<group>"; };
		8436132A2841133700D835DF /* SingleBookViewController.swift */ = {isa = PBXFileReference; lastKnownFileType = sourcecode.swift; path = SingleBookViewController.swift; sourceTree = "<group>"; };
		8436136E28416DAF00D835DF /* LoginViewController.swift */ = {isa = PBXFileReference; lastKnownFileType = sourcecode.swift; path = LoginViewController.swift; sourceTree = "<group>"; };
		843613702846493000D835DF /* NotesViewController.swift */ = {isa = PBXFileReference; lastKnownFileType = sourcecode.swift; path = NotesViewController.swift; sourceTree = "<group>"; };
		8436137228464C8100D835DF /* NotesTableViewCell.swift */ = {isa = PBXFileReference; lastKnownFileType = sourcecode.swift; path = NotesTableViewCell.swift; sourceTree = "<group>"; };
/* End PBXFileReference section */

/* Begin PBXFrameworksBuildPhase section */
		843612B5283ED46000D835DF /* Frameworks */ = {
			isa = PBXFrameworksBuildPhase;
			buildActionMask = 2147483647;
			files = (
			);
			runOnlyForDeploymentPostprocessing = 0;
		};
/* End PBXFrameworksBuildPhase section */

/* Begin PBXGroup section */
		843612AF283ED46000D835DF = {
			isa = PBXGroup;
			children = (
				843612BA283ED46000D835DF /* FunZone */,
				843612B9283ED46000D835DF /* Products */,
			);
			sourceTree = "<group>";
		};
		843612B9283ED46000D835DF /* Products */ = {
			isa = PBXGroup;
			children = (
				843612B8283ED46000D835DF /* FunZone.app */,
			);
			name = Products;
			sourceTree = "<group>";
		};
		843612BA283ED46000D835DF /* FunZone */ = {
			isa = PBXGroup;
			children = (
				843613782846529700D835DF /* CoreData */,
				843612BB283ED46000D835DF /* AppDelegate.swift */,
				843612BD283ED46000D835DF /* SceneDelegate.swift */,
				843612BF283ED46000D835DF /* ViewController.swift */,
				843612C1283ED46000D835DF /* Main.storyboard */,
				843612C7283ED46200D835DF /* Assets.xcassets */,
				843612C9283ED46200D835DF /* LaunchScreen.storyboard */,
				843612CC283ED46200D835DF /* Info.plist */,
				843612C4283ED46000D835DF /* FunZone.xcdatamodeld */,
				843613222840078700D835DF /* BookViewController.swift */,
				843613242840086800D835DF /* BookCollectionViewCell.swift */,
				8436132628400ECD00D835DF /* SearchBarView.swift */,
				84361328284102B800D835DF /* SearchViewController.swift */,
				8436132A2841133700D835DF /* SingleBookViewController.swift */,
				8436136E28416DAF00D835DF /* LoginViewController.swift */,
				843613702846493000D835DF /* NotesViewController.swift */,
				8436137228464C8100D835DF /* NotesTableViewCell.swift */,
			);
			path = FunZone;
			sourceTree = "<group>";
		};
		843613782846529700D835DF /* CoreData */ = {
			isa = PBXGroup;
			children = (
			);
			path = CoreData;
			sourceTree = "<group>";
		};
/* End PBXGroup section */

/* Begin PBXNativeTarget section */
		843612B7283ED46000D835DF /* FunZone */ = {
			isa = PBXNativeTarget;
			buildConfigurationList = 843612CF283ED46200D835DF /* Build configuration list for PBXNativeTarget "FunZone" */;
			buildPhases = (
				843612B4283ED46000D835DF /* Sources */,
				843612B5283ED46000D835DF /* Frameworks */,
				843612B6283ED46000D835DF /* Resources */,
			);
			buildRules = (
			);
			dependencies = (
			);
			name = FunZone;
			productName = FunZone;
			productReference = 843612B8283ED46000D835DF /* FunZone.app */;
			productType = "com.apple.product-type.application";
		};
/* End PBXNativeTarget section */

/* Begin PBXProject section */
		843612B0283ED46000D835DF /* Project object */ = {
			isa = PBXProject;
			attributes = {
				BuildIndependentTargetsInParallel = 1;
				LastSwiftUpdateCheck = 1330;
				LastUpgradeCheck = 1330;
				TargetAttributes = {
					843612B7283ED46000D835DF = {
						CreatedOnToolsVersion = 13.3;
					};
				};
			};
			buildConfigurationList = 843612B3283ED46000D835DF /* Build configuration list for PBXProject "FunZone" */;
			compatibilityVersion = "Xcode 13.0";
			developmentRegion = en;
			hasScannedForEncodings = 0;
			knownRegions = (
				en,
				Base,
			);
			mainGroup = 843612AF283ED46000D835DF;
			productRefGroup = 843612B9283ED46000D835DF /* Products */;
			projectDirPath = "";
			projectRoot = "";
			targets = (
				843612B7283ED46000D835DF /* FunZone */,
			);
		};
/* End PBXProject section */

/* Begin PBXResourcesBuildPhase section */
		843612B6283ED46000D835DF /* Resources */ = {
			isa = PBXResourcesBuildPhase;
			buildActionMask = 2147483647;
			files = (
				843612CB283ED46200D835DF /* LaunchScreen.storyboard in Resources */,
				843612C8283ED46200D835DF /* Assets.xcassets in Resources */,
				843612C3283ED46000D835DF /* Main.storyboard in Resources */,
			);
			runOnlyForDeploymentPostprocessing = 0;
		};
/* End PBXResourcesBuildPhase section */

/* Begin PBXSourcesBuildPhase section */
		843612B4283ED46000D835DF /* Sources */ = {
			isa = PBXSourcesBuildPhase;
			buildActionMask = 2147483647;
			files = (
				843612C0283ED46000D835DF /* ViewController.swift in Sources */,
				843612C6283ED46000D835DF /* FunZone.xcdatamodeld in Sources */,
				843613712846493000D835DF /* NotesViewController.swift in Sources */,
				84361329284102B800D835DF /* SearchViewController.swift in Sources */,
				843613232840078700D835DF /* BookViewController.swift in Sources */,
				8436132728400ECD00D835DF /* SearchBarView.swift in Sources */,
				843613252840086800D835DF /* BookCollectionViewCell.swift in Sources */,
				8436132B2841133700D835DF /* SingleBookViewController.swift in Sources */,
				843612BC283ED46000D835DF /* AppDelegate.swift in Sources */,
				8436136F28416DAF00D835DF /* LoginViewController.swift in Sources */,
				843612BE283ED46000D835DF /* SceneDelegate.swift in Sources */,
				8436137328464C8100D835DF /* NotesTableViewCell.swift in Sources */,
			);
			runOnlyForDeploymentPostprocessing = 0;
		};
/* End PBXSourcesBuildPhase section */

/* Begin PBXVariantGroup section */
		843612C1283ED46000D835DF /* Main.storyboard */ = {
			isa = PBXVariantGroup;
			children = (
				843612C2283ED46000D835DF /* Base */,
			);
			name = Main.storyboard;
			sourceTree = "<group>";
		};
		843612C9283ED46200D835DF /* LaunchScreen.storyboard */ = {
			isa = PBXVariantGroup;
			children = (
				843612CA283ED46200D835DF /* Base */,
			);
			name = LaunchScreen.storyboard;
			sourceTree = "<group>";
		};
/* End PBXVariantGroup section */

/* Begin XCBuildConfiguration section */
		843612CD283ED46200D835DF /* Debug */ = {
			isa = XCBuildConfiguration;
			buildSettings = {
				ALWAYS_SEARCH_USER_PATHS = NO;
				CLANG_ANALYZER_NONNULL = YES;
				CLANG_ANALYZER_NUMBER_OBJECT_CONVERSION = YES_AGGRESSIVE;
				CLANG_CXX_LANGUAGE_STANDARD = "gnu++17";
				CLANG_ENABLE_MODULES = YES;
				CLANG_ENABLE_OBJC_ARC = YES;
				CLANG_ENABLE_OBJC_WEAK = YES;
				CLANG_WARN_BLOCK_CAPTURE_AUTORELEASING = YES;
				CLANG_WARN_BOOL_CONVERSION = YES;
				CLANG_WARN_COMMA = YES;
				CLANG_WARN_CONSTANT_CONVERSION = YES;
				CLANG_WARN_DEPRECATED_OBJC_IMPLEMENTATIONS = YES;
				CLANG_WARN_DIRECT_OBJC_ISA_USAGE = YES_ERROR;
				CLANG_WARN_DOCUMENTATION_COMMENTS = YES;
				CLANG_WARN_EMPTY_BODY = YES;
				CLANG_WARN_ENUM_CONVERSION = YES;
				CLANG_WARN_INFINITE_RECURSION = YES;
				CLANG_WARN_INT_CONVERSION = YES;
				CLANG_WARN_NON_LITERAL_NULL_CONVERSION = YES;
				CLANG_WARN_OBJC_IMPLICIT_RETAIN_SELF = YES;
				CLANG_WARN_OBJC_LITERAL_CONVERSION = YES;
				CLANG_WARN_OBJC_ROOT_CLASS = YES_ERROR;
				CLANG_WARN_QUOTED_INCLUDE_IN_FRAMEWORK_HEADER = YES;
				CLANG_WARN_RANGE_LOOP_ANALYSIS = YES;
				CLANG_WARN_STRICT_PROTOTYPES = YES;
				CLANG_WARN_SUSPICIOUS_MOVE = YES;
				CLANG_WARN_UNGUARDED_AVAILABILITY = YES_AGGRESSIVE;
				CLANG_WARN_UNREACHABLE_CODE = YES;
				CLANG_WARN__DUPLICATE_METHOD_MATCH = YES;
				COPY_PHASE_STRIP = NO;
				DEBUG_INFORMATION_FORMAT = dwarf;
				ENABLE_STRICT_OBJC_MSGSEND = YES;
				ENABLE_TESTABILITY = YES;
				GCC_C_LANGUAGE_STANDARD = gnu11;
				GCC_DYNAMIC_NO_PIC = NO;
				GCC_NO_COMMON_BLOCKS = YES;
				GCC_OPTIMIZATION_LEVEL = 0;
				GCC_PREPROCESSOR_DEFINITIONS = (
					"DEBUG=1",
					"$(inherited)",
				);
				GCC_WARN_64_TO_32_BIT_CONVERSION = YES;
				GCC_WARN_ABOUT_RETURN_TYPE = YES_ERROR;
				GCC_WARN_UNDECLARED_SELECTOR = YES;
				GCC_WARN_UNINITIALIZED_AUTOS = YES_AGGRESSIVE;
				GCC_WARN_UNUSED_FUNCTION = YES;
				GCC_WARN_UNUSED_VARIABLE = YES;
				IPHONEOS_DEPLOYMENT_TARGET = 15.4;
				MTL_ENABLE_DEBUG_INFO = INCLUDE_SOURCE;
				MTL_FAST_MATH = YES;
				ONLY_ACTIVE_ARCH = YES;
				SDKROOT = iphoneos;
				SWIFT_ACTIVE_COMPILATION_CONDITIONS = DEBUG;
				SWIFT_OPTIMIZATION_LEVEL = "-Onone";
			};
			name = Debug;
		};
		843612CE283ED46200D835DF /* Release */ = {
			isa = XCBuildConfiguration;
			buildSettings = {
				ALWAYS_SEARCH_USER_PATHS = NO;
				CLANG_ANALYZER_NONNULL = YES;
				CLANG_ANALYZER_NUMBER_OBJECT_CONVERSION = YES_AGGRESSIVE;
				CLANG_CXX_LANGUAGE_STANDARD = "gnu++17";
				CLANG_ENABLE_MODULES = YES;
				CLANG_ENABLE_OBJC_ARC = YES;
				CLANG_ENABLE_OBJC_WEAK = YES;
				CLANG_WARN_BLOCK_CAPTURE_AUTORELEASING = YES;
				CLANG_WARN_BOOL_CONVERSION = YES;
				CLANG_WARN_COMMA = YES;
				CLANG_WARN_CONSTANT_CONVERSION = YES;
				CLANG_WARN_DEPRECATED_OBJC_IMPLEMENTATIONS = YES;
				CLANG_WARN_DIRECT_OBJC_ISA_USAGE = YES_ERROR;
				CLANG_WARN_DOCUMENTATION_COMMENTS = YES;
				CLANG_WARN_EMPTY_BODY = YES;
				CLANG_WARN_ENUM_CONVERSION = YES;
				CLANG_WARN_INFINITE_RECURSION = YES;
				CLANG_WARN_INT_CONVERSION = YES;
				CLANG_WARN_NON_LITERAL_NULL_CONVERSION = YES;
				CLANG_WARN_OBJC_IMPLICIT_RETAIN_SELF = YES;
				CLANG_WARN_OBJC_LITERAL_CONVERSION = YES;
				CLANG_WARN_OBJC_ROOT_CLASS = YES_ERROR;
				CLANG_WARN_QUOTED_INCLUDE_IN_FRAMEWORK_HEADER = YES;
				CLANG_WARN_RANGE_LOOP_ANALYSIS = YES;
				CLANG_WARN_STRICT_PROTOTYPES = YES;
				CLANG_WARN_SUSPICIOUS_MOVE = YES;
				CLANG_WARN_UNGUARDED_AVAILABILITY = YES_AGGRESSIVE;
				CLANG_WARN_UNREACHABLE_CODE = YES;
				CLANG_WARN__DUPLICATE_METHOD_MATCH = YES;
				COPY_PHASE_STRIP = NO;
				DEBUG_INFORMATION_FORMAT = "dwarf-with-dsym";
				ENABLE_NS_ASSERTIONS = NO;
				ENABLE_STRICT_OBJC_MSGSEND = YES;
				GCC_C_LANGUAGE_STANDARD = gnu11;
				GCC_NO_COMMON_BLOCKS = YES;
				GCC_WARN_64_TO_32_BIT_CONVERSION = YES;
				GCC_WARN_ABOUT_RETURN_TYPE = YES_ERROR;
				GCC_WARN_UNDECLARED_SELECTOR = YES;
				GCC_WARN_UNINITIALIZED_AUTOS = YES_AGGRESSIVE;
				GCC_WARN_UNUSED_FUNCTION = YES;
				GCC_WARN_UNUSED_VARIABLE = YES;
				IPHONEOS_DEPLOYMENT_TARGET = 15.4;
				MTL_ENABLE_DEBUG_INFO = NO;
				MTL_FAST_MATH = YES;
				SDKROOT = iphoneos;
				SWIFT_COMPILATION_MODE = wholemodule;
				SWIFT_OPTIMIZATION_LEVEL = "-O";
				VALIDATE_PRODUCT = YES;
			};
			name = Release;
		};
		843612D0283ED46200D835DF /* Debug */ = {
			isa = XCBuildConfiguration;
			buildSettings = {
				ASSETCATALOG_COMPILER_APPICON_NAME = AppIcon;
				ASSETCATALOG_COMPILER_GLOBAL_ACCENT_COLOR_NAME = AccentColor;
				CODE_SIGN_STYLE = Automatic;
				CURRENT_PROJECT_VERSION = 1;
				DEVELOPMENT_TEAM = P2DNVYD8J6;
				GENERATE_INFOPLIST_FILE = YES;
				INFOPLIST_FILE = FunZone/Info.plist;
				INFOPLIST_KEY_UIApplicationSupportsIndirectInputEvents = YES;
				INFOPLIST_KEY_UILaunchStoryboardName = LaunchScreen;
				INFOPLIST_KEY_UIMainStoryboardFile = Main;
				INFOPLIST_KEY_UISupportedInterfaceOrientations_iPad = "UIInterfaceOrientationPortrait UIInterfaceOrientationPortraitUpsideDown UIInterfaceOrientationLandscapeLeft UIInterfaceOrientationLandscapeRight";
				INFOPLIST_KEY_UISupportedInterfaceOrientations_iPhone = "UIInterfaceOrientationPortrait UIInterfaceOrientationLandscapeLeft UIInterfaceOrientationLandscapeRight";
				LD_RUNPATH_SEARCH_PATHS = (
					"$(inherited)",
					"@executable_path/Frameworks",
				);
				MARKETING_VERSION = 1.0;
				PRODUCT_BUNDLE_IDENTIFIER = Adam.FunZone;
				PRODUCT_NAME = "$(TARGET_NAME)";
				SWIFT_EMIT_LOC_STRINGS = YES;
				SWIFT_VERSION = 5.0;
				TARGETED_DEVICE_FAMILY = "1,2";
			};
			name = Debug;
		};
		843612D1283ED46200D835DF /* Release */ = {
			isa = XCBuildConfiguration;
			buildSettings = {
				ASSETCATALOG_COMPILER_APPICON_NAME = AppIcon;
				ASSETCATALOG_COMPILER_GLOBAL_ACCENT_COLOR_NAME = AccentColor;
				CODE_SIGN_STYLE = Automatic;
				CURRENT_PROJECT_VERSION = 1;
				DEVELOPMENT_TEAM = P2DNVYD8J6;
				GENERATE_INFOPLIST_FILE = YES;
				INFOPLIST_FILE = FunZone/Info.plist;
				INFOPLIST_KEY_UIApplicationSupportsIndirectInputEvents = YES;
				INFOPLIST_KEY_UILaunchStoryboardName = LaunchScreen;
				INFOPLIST_KEY_UIMainStoryboardFile = Main;
				INFOPLIST_KEY_UISupportedInterfaceOrientations_iPad = "UIInterfaceOrientationPortrait UIInterfaceOrientationPortraitUpsideDown UIInterfaceOrientationLandscapeLeft UIInterfaceOrientationLandscapeRight";
				INFOPLIST_KEY_UISupportedInterfaceOrientations_iPhone = "UIInterfaceOrientationPortrait UIInterfaceOrientationLandscapeLeft UIInterfaceOrientationLandscapeRight";
				LD_RUNPATH_SEARCH_PATHS = (
					"$(inherited)",
					"@executable_path/Frameworks",
				);
				MARKETING_VERSION = 1.0;
				PRODUCT_BUNDLE_IDENTIFIER = Adam.FunZone;
				PRODUCT_NAME = "$(TARGET_NAME)";
				SWIFT_EMIT_LOC_STRINGS = YES;
				SWIFT_VERSION = 5.0;
				TARGETED_DEVICE_FAMILY = "1,2";
			};
			name = Release;
		};
/* End XCBuildConfiguration section */

/* Begin XCConfigurationList section */
		843612B3283ED46000D835DF /* Build configuration list for PBXProject "FunZone" */ = {
			isa = XCConfigurationList;
			buildConfigurations = (
				843612CD283ED46200D835DF /* Debug */,
				843612CE283ED46200D835DF /* Release */,
			);
			defaultConfigurationIsVisible = 0;
			defaultConfigurationName = Release;
		};
		843612CF283ED46200D835DF /* Build configuration list for PBXNativeTarget "FunZone" */ = {
			isa = XCConfigurationList;
			buildConfigurations = (
				843612D0283ED46200D835DF /* Debug */,
				843612D1283ED46200D835DF /* Release */,
			);
			defaultConfigurationIsVisible = 0;
			defaultConfigurationName = Release;
		};
/* End XCConfigurationList section */

/* Begin XCVersionGroup section */
		843612C4283ED46000D835DF /* FunZone.xcdatamodeld */ = {
			isa = XCVersionGroup;
			children = (
				843612C5283ED46000D835DF /* FunZone.xcdatamodel */,
			);
			currentVersion = 843612C5283ED46000D835DF /* FunZone.xcdatamodel */;
			path = FunZone.xcdatamodeld;
			sourceTree = "<group>";
			versionGroupType = wrapper.xcdatamodel;
		};
/* End XCVersionGroup section */
	};
	rootObject = 843612B0283ED46000D835DF /* Project object */;
}
